// !$*UTF8*$!
{
	archiveVersion = 1;
	classes = {
	};
	objectVersion = 51;
	objects = {

/* Begin PBXBuildFile section */
		0527BA5C54B75E64897DF696 /* Pods_Parstagram.framework in Frameworks */ = {isa = PBXBuildFile; fileRef = 9F5C48D365A31B6EABF2CEA0 /* Pods_Parstagram.framework */; };
		97316B5C2E9CEF8E382AA5FC /* Pods_ParstagramTests.framework in Frameworks */ = {isa = PBXBuildFile; fileRef = 3C6757D923ABE12D5B65A4EE /* Pods_ParstagramTests.framework */; };
		CB76065A2411CD32003EAFF7 /* LoginViewController.swift in Sources */ = {isa = PBXBuildFile; fileRef = CB7606592411CD32003EAFF7 /* LoginViewController.swift */; };
		CB76065C2411CD41003EAFF7 /* FeedViewController.swift in Sources */ = {isa = PBXBuildFile; fileRef = CB76065B2411CD41003EAFF7 /* FeedViewController.swift */; };
		CBCAD8322411C5BD005F53C6 /* AppDelegate.swift in Sources */ = {isa = PBXBuildFile; fileRef = CBCAD8312411C5BD005F53C6 /* AppDelegate.swift */; };
		CBCAD8372411C5BD005F53C6 /* Main.storyboard in Resources */ = {isa = PBXBuildFile; fileRef = CBCAD8352411C5BD005F53C6 /* Main.storyboard */; };
		CBCAD8392411C5BF005F53C6 /* Assets.xcassets in Resources */ = {isa = PBXBuildFile; fileRef = CBCAD8382411C5BF005F53C6 /* Assets.xcassets */; };
		CBCAD83C2411C5BF005F53C6 /* LaunchScreen.storyboard in Resources */ = {isa = PBXBuildFile; fileRef = CBCAD83A2411C5BF005F53C6 /* LaunchScreen.storyboard */; };
		CBCAD8472411C5BF005F53C6 /* ParstagramTests.swift in Sources */ = {isa = PBXBuildFile; fileRef = CBCAD8462411C5BF005F53C6 /* ParstagramTests.swift */; };
		CBCAD8522411C5BF005F53C6 /* ParstagramUITests.swift in Sources */ = {isa = PBXBuildFile; fileRef = CBCAD8512411C5BF005F53C6 /* ParstagramUITests.swift */; };
		F0B706E98B2B4E57308B185B /* Pods_Parstagram_ParstagramUITests.framework in Frameworks */ = {isa = PBXBuildFile; fileRef = 522337ADF241DBF9269B74EC /* Pods_Parstagram_ParstagramUITests.framework */; };
/* End PBXBuildFile section */

/* Begin PBXContainerItemProxy section */
		CBCAD8432411C5BF005F53C6 /* PBXContainerItemProxy */ = {
			isa = PBXContainerItemProxy;
			containerPortal = CBCAD8262411C5BD005F53C6 /* Project object */;
			proxyType = 1;
			remoteGlobalIDString = CBCAD82D2411C5BD005F53C6;
			remoteInfo = Parstagram;
		};
		CBCAD84E2411C5BF005F53C6 /* PBXContainerItemProxy */ = {
			isa = PBXContainerItemProxy;
			containerPortal = CBCAD8262411C5BD005F53C6 /* Project object */;
			proxyType = 1;
			remoteGlobalIDString = CBCAD82D2411C5BD005F53C6;
			remoteInfo = Parstagram;
		};
/* End PBXContainerItemProxy section */

/* Begin PBXFileReference section */
		1DEFF64AE08BFAAB065C4DEC /* Pods-Parstagram.release.xcconfig */ = {isa = PBXFileReference; includeInIndex = 1; lastKnownFileType = text.xcconfig; name = "Pods-Parstagram.release.xcconfig"; path = "Target Support Files/Pods-Parstagram/Pods-Parstagram.release.xcconfig"; sourceTree = "<group>"; };
		3C6757D923ABE12D5B65A4EE /* Pods_ParstagramTests.framework */ = {isa = PBXFileReference; explicitFileType = wrapper.framework; includeInIndex = 0; path = Pods_ParstagramTests.framework; sourceTree = BUILT_PRODUCTS_DIR; };
		522337ADF241DBF9269B74EC /* Pods_Parstagram_ParstagramUITests.framework */ = {isa = PBXFileReference; explicitFileType = wrapper.framework; includeInIndex = 0; path = Pods_Parstagram_ParstagramUITests.framework; sourceTree = BUILT_PRODUCTS_DIR; };
		53FD5D8F43174012CC0D0652 /* Pods-ParstagramTests.release.xcconfig */ = {isa = PBXFileReference; includeInIndex = 1; lastKnownFileType = text.xcconfig; name = "Pods-ParstagramTests.release.xcconfig"; path = "Target Support Files/Pods-ParstagramTests/Pods-ParstagramTests.release.xcconfig"; sourceTree = "<group>"; };
		831489FD52F01C2457CF93CE /* Pods-Parstagram-ParstagramUITests.release.xcconfig */ = {isa = PBXFileReference; includeInIndex = 1; lastKnownFileType = text.xcconfig; name = "Pods-Parstagram-ParstagramUITests.release.xcconfig"; path = "Target Support Files/Pods-Parstagram-ParstagramUITests/Pods-Parstagram-ParstagramUITests.release.xcconfig"; sourceTree = "<group>"; };
		8D54523E7637BB22EBCD8BF7 /* Pods-ParstagramTests.debug.xcconfig */ = {isa = PBXFileReference; includeInIndex = 1; lastKnownFileType = text.xcconfig; name = "Pods-ParstagramTests.debug.xcconfig"; path = "Target Support Files/Pods-ParstagramTests/Pods-ParstagramTests.debug.xcconfig"; sourceTree = "<group>"; };
		9F5C48D365A31B6EABF2CEA0 /* Pods_Parstagram.framework */ = {isa = PBXFileReference; explicitFileType = wrapper.framework; includeInIndex = 0; path = Pods_Parstagram.framework; sourceTree = BUILT_PRODUCTS_DIR; };
		C373E17377CEABF7A9C8E1B3 /* Pods-Parstagram.debug.xcconfig */ = {isa = PBXFileReference; includeInIndex = 1; lastKnownFileType = text.xcconfig; name = "Pods-Parstagram.debug.xcconfig"; path = "Target Support Files/Pods-Parstagram/Pods-Parstagram.debug.xcconfig"; sourceTree = "<group>"; };
		CB7606592411CD32003EAFF7 /* LoginViewController.swift */ = {isa = PBXFileReference; lastKnownFileType = sourcecode.swift; path = LoginViewController.swift; sourceTree = "<group>"; };
		CB76065B2411CD41003EAFF7 /* FeedViewController.swift */ = {isa = PBXFileReference; lastKnownFileType = sourcecode.swift; path = FeedViewController.swift; sourceTree = "<group>"; };
		CBCAD82E2411C5BD005F53C6 /* Parstagram.app */ = {isa = PBXFileReference; explicitFileType = wrapper.application; includeInIndex = 0; path = Parstagram.app; sourceTree = BUILT_PRODUCTS_DIR; };
		CBCAD8312411C5BD005F53C6 /* AppDelegate.swift */ = {isa = PBXFileReference; lastKnownFileType = sourcecode.swift; path = AppDelegate.swift; sourceTree = "<group>"; };
		CBCAD8362411C5BD005F53C6 /* Base */ = {isa = PBXFileReference; lastKnownFileType = file.storyboard; name = Base; path = Base.lproj/Main.storyboard; sourceTree = "<group>"; };
		CBCAD8382411C5BF005F53C6 /* Assets.xcassets */ = {isa = PBXFileReference; lastKnownFileType = folder.assetcatalog; path = Assets.xcassets; sourceTree = "<group>"; };
		CBCAD83B2411C5BF005F53C6 /* Base */ = {isa = PBXFileReference; lastKnownFileType = file.storyboard; name = Base; path = Base.lproj/LaunchScreen.storyboard; sourceTree = "<group>"; };
		CBCAD83D2411C5BF005F53C6 /* Info.plist */ = {isa = PBXFileReference; lastKnownFileType = text.plist.xml; path = Info.plist; sourceTree = "<group>"; };
		CBCAD8422411C5BF005F53C6 /* ParstagramTests.xctest */ = {isa = PBXFileReference; explicitFileType = wrapper.cfbundle; includeInIndex = 0; path = ParstagramTests.xctest; sourceTree = BUILT_PRODUCTS_DIR; };
		CBCAD8462411C5BF005F53C6 /* ParstagramTests.swift */ = {isa = PBXFileReference; lastKnownFileType = sourcecode.swift; path = ParstagramTests.swift; sourceTree = "<group>"; };
		CBCAD8482411C5BF005F53C6 /* Info.plist */ = {isa = PBXFileReference; lastKnownFileType = text.plist.xml; path = Info.plist; sourceTree = "<group>"; };
		CBCAD84D2411C5BF005F53C6 /* ParstagramUITests.xctest */ = {isa = PBXFileReference; explicitFileType = wrapper.cfbundle; includeInIndex = 0; path = ParstagramUITests.xctest; sourceTree = BUILT_PRODUCTS_DIR; };
		CBCAD8512411C5BF005F53C6 /* ParstagramUITests.swift */ = {isa = PBXFileReference; lastKnownFileType = sourcecode.swift; path = ParstagramUITests.swift; sourceTree = "<group>"; };
		CBCAD8532411C5BF005F53C6 /* Info.plist */ = {isa = PBXFileReference; lastKnownFileType = text.plist.xml; path = Info.plist; sourceTree = "<group>"; };
		F9B572D77B29CB10BA183D90 /* Pods-Parstagram-ParstagramUITests.debug.xcconfig */ = {isa = PBXFileReference; includeInIndex = 1; lastKnownFileType = text.xcconfig; name = "Pods-Parstagram-ParstagramUITests.debug.xcconfig"; path = "Target Support Files/Pods-Parstagram-ParstagramUITests/Pods-Parstagram-ParstagramUITests.debug.xcconfig"; sourceTree = "<group>"; };
/* End PBXFileReference section */

/* Begin PBXFrameworksBuildPhase section */
		CBCAD82B2411C5BD005F53C6 /* Frameworks */ = {
			isa = PBXFrameworksBuildPhase;
			buildActionMask = 2147483647;
			files = (
				0527BA5C54B75E64897DF696 /* Pods_Parstagram.framework in Frameworks */,
			);
			runOnlyForDeploymentPostprocessing = 0;
		};
		CBCAD83F2411C5BF005F53C6 /* Frameworks */ = {
			isa = PBXFrameworksBuildPhase;
			buildActionMask = 2147483647;
			files = (
				97316B5C2E9CEF8E382AA5FC /* Pods_ParstagramTests.framework in Frameworks */,
			);
			runOnlyForDeploymentPostprocessing = 0;
		};
		CBCAD84A2411C5BF005F53C6 /* Frameworks */ = {
			isa = PBXFrameworksBuildPhase;
			buildActionMask = 2147483647;
			files = (
				F0B706E98B2B4E57308B185B /* Pods_Parstagram_ParstagramUITests.framework in Frameworks */,
			);
			runOnlyForDeploymentPostprocessing = 0;
		};
/* End PBXFrameworksBuildPhase section */

/* Begin PBXGroup section */
		1438C9133C2169716C369AAF /* Pods */ = {
			isa = PBXGroup;
			children = (
				C373E17377CEABF7A9C8E1B3 /* Pods-Parstagram.debug.xcconfig */,
				1DEFF64AE08BFAAB065C4DEC /* Pods-Parstagram.release.xcconfig */,
				F9B572D77B29CB10BA183D90 /* Pods-Parstagram-ParstagramUITests.debug.xcconfig */,
				831489FD52F01C2457CF93CE /* Pods-Parstagram-ParstagramUITests.release.xcconfig */,
				8D54523E7637BB22EBCD8BF7 /* Pods-ParstagramTests.debug.xcconfig */,
				53FD5D8F43174012CC0D0652 /* Pods-ParstagramTests.release.xcconfig */,
			);
			path = Pods;
			sourceTree = "<group>";
		};
		7796EED6748BD3B12A96A48C /* Frameworks */ = {
			isa = PBXGroup;
			children = (
				9F5C48D365A31B6EABF2CEA0 /* Pods_Parstagram.framework */,
				522337ADF241DBF9269B74EC /* Pods_Parstagram_ParstagramUITests.framework */,
				3C6757D923ABE12D5B65A4EE /* Pods_ParstagramTests.framework */,
			);
			name = Frameworks;
			sourceTree = "<group>";
		};
		CBCAD8252411C5BD005F53C6 = {
			isa = PBXGroup;
			children = (
				CBCAD8302411C5BD005F53C6 /* Parstagram */,
				CBCAD8452411C5BF005F53C6 /* ParstagramTests */,
				CBCAD8502411C5BF005F53C6 /* ParstagramUITests */,
				CBCAD82F2411C5BD005F53C6 /* Products */,
				1438C9133C2169716C369AAF /* Pods */,
				7796EED6748BD3B12A96A48C /* Frameworks */,
			);
			sourceTree = "<group>";
		};
		CBCAD82F2411C5BD005F53C6 /* Products */ = {
			isa = PBXGroup;
			children = (
				CBCAD82E2411C5BD005F53C6 /* Parstagram.app */,
				CBCAD8422411C5BF005F53C6 /* ParstagramTests.xctest */,
				CBCAD84D2411C5BF005F53C6 /* ParstagramUITests.xctest */,
			);
			name = Products;
			sourceTree = "<group>";
		};
		CBCAD8302411C5BD005F53C6 /* Parstagram */ = {
			isa = PBXGroup;
			children = (
				CBCAD8312411C5BD005F53C6 /* AppDelegate.swift */,
				CBCAD8352411C5BD005F53C6 /* Main.storyboard */,
				CBCAD8382411C5BF005F53C6 /* Assets.xcassets */,
				CBCAD83A2411C5BF005F53C6 /* LaunchScreen.storyboard */,
				CBCAD83D2411C5BF005F53C6 /* Info.plist */,
				CB7606592411CD32003EAFF7 /* LoginViewController.swift */,
				CB76065B2411CD41003EAFF7 /* FeedViewController.swift */,
			);
			path = Parstagram;
			sourceTree = "<group>";
		};
		CBCAD8452411C5BF005F53C6 /* ParstagramTests */ = {
			isa = PBXGroup;
			children = (
				CBCAD8462411C5BF005F53C6 /* ParstagramTests.swift */,
				CBCAD8482411C5BF005F53C6 /* Info.plist */,
			);
			path = ParstagramTests;
			sourceTree = "<group>";
		};
		CBCAD8502411C5BF005F53C6 /* ParstagramUITests */ = {
			isa = PBXGroup;
			children = (
				CBCAD8512411C5BF005F53C6 /* ParstagramUITests.swift */,
				CBCAD8532411C5BF005F53C6 /* Info.plist */,
			);
			path = ParstagramUITests;
			sourceTree = "<group>";
		};
/* End PBXGroup section */

/* Begin PBXNativeTarget section */
		CBCAD82D2411C5BD005F53C6 /* Parstagram */ = {
			isa = PBXNativeTarget;
			buildConfigurationList = CBCAD8562411C5BF005F53C6 /* Build configuration list for PBXNativeTarget "Parstagram" */;
			buildPhases = (
				4B67912E15CB4A432DFE805D /* [CP] Check Pods Manifest.lock */,
				CBCAD82A2411C5BD005F53C6 /* Sources */,
				CBCAD82B2411C5BD005F53C6 /* Frameworks */,
				CBCAD82C2411C5BD005F53C6 /* Resources */,
				9B8B389D102F63CEF3DD0EF6 /* [CP] Embed Pods Frameworks */,
			);
			buildRules = (
			);
			dependencies = (
			);
			name = Parstagram;
			productName = Parstagram;
			productReference = CBCAD82E2411C5BD005F53C6 /* Parstagram.app */;
			productType = "com.apple.product-type.application";
		};
		CBCAD8412411C5BF005F53C6 /* ParstagramTests */ = {
			isa = PBXNativeTarget;
			buildConfigurationList = CBCAD8592411C5BF005F53C6 /* Build configuration list for PBXNativeTarget "ParstagramTests" */;
			buildPhases = (
				09EC3EA6335E77AB1B03540B /* [CP] Check Pods Manifest.lock */,
				CBCAD83E2411C5BF005F53C6 /* Sources */,
				CBCAD83F2411C5BF005F53C6 /* Frameworks */,
				CBCAD8402411C5BF005F53C6 /* Resources */,
			);
			buildRules = (
			);
			dependencies = (
				CBCAD8442411C5BF005F53C6 /* PBXTargetDependency */,
			);
			name = ParstagramTests;
			productName = ParstagramTests;
			productReference = CBCAD8422411C5BF005F53C6 /* ParstagramTests.xctest */;
			productType = "com.apple.product-type.bundle.unit-test";
		};
		CBCAD84C2411C5BF005F53C6 /* ParstagramUITests */ = {
			isa = PBXNativeTarget;
			buildConfigurationList = CBCAD85C2411C5BF005F53C6 /* Build configuration list for PBXNativeTarget "ParstagramUITests" */;
			buildPhases = (
				4BBF34208CE2B5DD3784FB9F /* [CP] Check Pods Manifest.lock */,
				CBCAD8492411C5BF005F53C6 /* Sources */,
				CBCAD84A2411C5BF005F53C6 /* Frameworks */,
				CBCAD84B2411C5BF005F53C6 /* Resources */,
				048F6F86F6D720E0834BEA3E /* [CP] Embed Pods Frameworks */,
			);
			buildRules = (
			);
			dependencies = (
				CBCAD84F2411C5BF005F53C6 /* PBXTargetDependency */,
			);
			name = ParstagramUITests;
			productName = ParstagramUITests;
			productReference = CBCAD84D2411C5BF005F53C6 /* ParstagramUITests.xctest */;
			productType = "com.apple.product-type.bundle.ui-testing";
		};
/* End PBXNativeTarget section */

/* Begin PBXProject section */
		CBCAD8262411C5BD005F53C6 /* Project object */ = {
			isa = PBXProject;
			attributes = {
				LastSwiftUpdateCheck = 1010;
				LastUpgradeCheck = 1010;
				ORGANIZATIONNAME = "codepath-cit238b-spring2020";
				TargetAttributes = {
					CBCAD82D2411C5BD005F53C6 = {
						CreatedOnToolsVersion = 10.1;
					};
					CBCAD8412411C5BF005F53C6 = {
						CreatedOnToolsVersion = 10.1;
						TestTargetID = CBCAD82D2411C5BD005F53C6;
					};
					CBCAD84C2411C5BF005F53C6 = {
						CreatedOnToolsVersion = 10.1;
						TestTargetID = CBCAD82D2411C5BD005F53C6;
					};
				};
			};
			buildConfigurationList = CBCAD8292411C5BD005F53C6 /* Build configuration list for PBXProject "Parstagram" */;
			compatibilityVersion = "Xcode 9.3";
			developmentRegion = en;
			hasScannedForEncodings = 0;
			knownRegions = (
				en,
				Base,
			);
			mainGroup = CBCAD8252411C5BD005F53C6;
			productRefGroup = CBCAD82F2411C5BD005F53C6 /* Products */;
			projectDirPath = "";
			projectRoot = "";
			targets = (
				CBCAD82D2411C5BD005F53C6 /* Parstagram */,
				CBCAD8412411C5BF005F53C6 /* ParstagramTests */,
				CBCAD84C2411C5BF005F53C6 /* ParstagramUITests */,
			);
		};
/* End PBXProject section */

/* Begin PBXResourcesBuildPhase section */
		CBCAD82C2411C5BD005F53C6 /* Resources */ = {
			isa = PBXResourcesBuildPhase;
			buildActionMask = 2147483647;
			files = (
				CBCAD83C2411C5BF005F53C6 /* LaunchScreen.storyboard in Resources */,
				CBCAD8392411C5BF005F53C6 /* Assets.xcassets in Resources */,
				CBCAD8372411C5BD005F53C6 /* Main.storyboard in Resources */,
			);
			runOnlyForDeploymentPostprocessing = 0;
		};
		CBCAD8402411C5BF005F53C6 /* Resources */ = {
			isa = PBXResourcesBuildPhase;
			buildActionMask = 2147483647;
			files = (
			);
			runOnlyForDeploymentPostprocessing = 0;
		};
		CBCAD84B2411C5BF005F53C6 /* Resources */ = {
			isa = PBXResourcesBuildPhase;
			buildActionMask = 2147483647;
			files = (
			);
			runOnlyForDeploymentPostprocessing = 0;
		};
/* End PBXResourcesBuildPhase section */

/* Begin PBXShellScriptBuildPhase section */
		048F6F86F6D720E0834BEA3E /* [CP] Embed Pods Frameworks */ = {
			isa = PBXShellScriptBuildPhase;
			buildActionMask = 2147483647;
			files = (
			);
			inputFileListPaths = (
				"${PODS_ROOT}/Target Support Files/Pods-Parstagram-ParstagramUITests/Pods-Parstagram-ParstagramUITests-frameworks-${CONFIGURATION}-input-files.xcfilelist",
			);
			name = "[CP] Embed Pods Frameworks";
			outputFileListPaths = (
				"${PODS_ROOT}/Target Support Files/Pods-Parstagram-ParstagramUITests/Pods-Parstagram-ParstagramUITests-frameworks-${CONFIGURATION}-output-files.xcfilelist",
			);
			runOnlyForDeploymentPostprocessing = 0;
			shellPath = /bin/sh;
			shellScript = "\"${PODS_ROOT}/Target Support Files/Pods-Parstagram-ParstagramUITests/Pods-Parstagram-ParstagramUITests-frameworks.sh\"\n";
			showEnvVarsInLog = 0;
		};
		09EC3EA6335E77AB1B03540B /* [CP] Check Pods Manifest.lock */ = {
			isa = PBXShellScriptBuildPhase;
			buildActionMask = 2147483647;
			files = (
			);
			inputFileListPaths = (
			);
			inputPaths = (
				"${PODS_PODFILE_DIR_PATH}/Podfile.lock",
				"${PODS_ROOT}/Manifest.lock",
			);
			name = "[CP] Check Pods Manifest.lock";
			outputFileListPaths = (
			);
			outputPaths = (
				"$(DERIVED_FILE_DIR)/Pods-ParstagramTests-checkManifestLockResult.txt",
			);
			runOnlyForDeploymentPostprocessing = 0;
			shellPath = /bin/sh;
			shellScript = "diff \"${PODS_PODFILE_DIR_PATH}/Podfile.lock\" \"${PODS_ROOT}/Manifest.lock\" > /dev/null\nif [ $? != 0 ] ; then\n    # print error to STDERR\n    echo \"error: The sandbox is not in sync with the Podfile.lock. Run 'pod install' or update your CocoaPods installation.\" >&2\n    exit 1\nfi\n# This output is used by Xcode 'outputs' to avoid re-running this script phase.\necho \"SUCCESS\" > \"${SCRIPT_OUTPUT_FILE_0}\"\n";
			showEnvVarsInLog = 0;
		};
		4B67912E15CB4A432DFE805D /* [CP] Check Pods Manifest.lock */ = {
			isa = PBXShellScriptBuildPhase;
			buildActionMask = 2147483647;
			files = (
			);
			inputFileListPaths = (
			);
			inputPaths = (
				"${PODS_PODFILE_DIR_PATH}/Podfile.lock",
				"${PODS_ROOT}/Manifest.lock",
			);
			name = "[CP] Check Pods Manifest.lock";
			outputFileListPaths = (
			);
			outputPaths = (
				"$(DERIVED_FILE_DIR)/Pods-Parstagram-checkManifestLockResult.txt",
			);
			runOnlyForDeploymentPostprocessing = 0;
			shellPath = /bin/sh;
			shellScript = "diff \"${PODS_PODFILE_DIR_PATH}/Podfile.lock\" \"${PODS_ROOT}/Manifest.lock\" > /dev/null\nif [ $? != 0 ] ; then\n    # print error to STDERR\n    echo \"error: The sandbox is not in sync with the Podfile.lock. Run 'pod install' or update your CocoaPods installation.\" >&2\n    exit 1\nfi\n# This output is used by Xcode 'outputs' to avoid re-running this script phase.\necho \"SUCCESS\" > \"${SCRIPT_OUTPUT_FILE_0}\"\n";
			showEnvVarsInLog = 0;
		};
		4BBF34208CE2B5DD3784FB9F /* [CP] Check Pods Manifest.lock */ = {
			isa = PBXShellScriptBuildPhase;
			buildActionMask = 2147483647;
			files = (
			);
			inputFileListPaths = (
			);
			inputPaths = (
				"${PODS_PODFILE_DIR_PATH}/Podfile.lock",
				"${PODS_ROOT}/Manifest.lock",
			);
			name = "[CP] Check Pods Manifest.lock";
			outputFileListPaths = (
			);
			outputPaths = (
				"$(DERIVED_FILE_DIR)/Pods-Parstagram-ParstagramUITests-checkManifestLockResult.txt",
			);
			runOnlyForDeploymentPostprocessing = 0;
			shellPath = /bin/sh;
			shellScript = "diff \"${PODS_PODFILE_DIR_PATH}/Podfile.lock\" \"${PODS_ROOT}/Manifest.lock\" > /dev/null\nif [ $? != 0 ] ; then\n    # print error to STDERR\n    echo \"error: The sandbox is not in sync with the Podfile.lock. Run 'pod install' or update your CocoaPods installation.\" >&2\n    exit 1\nfi\n# This output is used by Xcode 'outputs' to avoid re-running this script phase.\necho \"SUCCESS\" > \"${SCRIPT_OUTPUT_FILE_0}\"\n";
			showEnvVarsInLog = 0;
		};
		9B8B389D102F63CEF3DD0EF6 /* [CP] Embed Pods Frameworks */ = {
			isa = PBXShellScriptBuildPhase;
			buildActionMask = 2147483647;
			files = (
			);
			inputFileListPaths = (
				"${PODS_ROOT}/Target Support Files/Pods-Parstagram/Pods-Parstagram-frameworks-${CONFIGURATION}-input-files.xcfilelist",
			);
			name = "[CP] Embed Pods Frameworks";
			outputFileListPaths = (
				"${PODS_ROOT}/Target Support Files/Pods-Parstagram/Pods-Parstagram-frameworks-${CONFIGURATION}-output-files.xcfilelist",
			);
			runOnlyForDeploymentPostprocessing = 0;
			shellPath = /bin/sh;
			shellScript = "\"${PODS_ROOT}/Target Support Files/Pods-Parstagram/Pods-Parstagram-frameworks.sh\"\n";
			showEnvVarsInLog = 0;
		};
/* End PBXShellScriptBuildPhase section */

/* Begin PBXSourcesBuildPhase section */
		CBCAD82A2411C5BD005F53C6 /* Sources */ = {
			isa = PBXSourcesBuildPhase;
			buildActionMask = 2147483647;
			files = (
				CB76065A2411CD32003EAFF7 /* LoginViewController.swift in Sources */,
				CB76065C2411CD41003EAFF7 /* FeedViewController.swift in Sources */,
				CBCAD8322411C5BD005F53C6 /* AppDelegate.swift in Sources */,
			);
			runOnlyForDeploymentPostprocessing = 0;
		};
		CBCAD83E2411C5BF005F53C6 /* Sources */ = {
			isa = PBXSourcesBuildPhase;
			buildActionMask = 2147483647;
			files = (
				CBCAD8472411C5BF005F53C6 /* ParstagramTests.swift in Sources */,
			);
			runOnlyForDeploymentPostprocessing = 0;
		};
		CBCAD8492411C5BF005F53C6 /* Sources */ = {
			isa = PBXSourcesBuildPhase;
			buildActionMask = 2147483647;
			files = (
				CBCAD8522411C5BF005F53C6 /* ParstagramUITests.swift in Sources */,
			);
			runOnlyForDeploymentPostprocessing = 0;
		};
/* End PBXSourcesBuildPhase section */

/* Begin PBXTargetDependency section */
		CBCAD8442411C5BF005F53C6 /* PBXTargetDependency */ = {
			isa = PBXTargetDependency;
			target = CBCAD82D2411C5BD005F53C6 /* Parstagram */;
			targetProxy = CBCAD8432411C5BF005F53C6 /* PBXContainerItemProxy */;
		};
		CBCAD84F2411C5BF005F53C6 /* PBXTargetDependency */ = {
			isa = PBXTargetDependency;
			target = CBCAD82D2411C5BD005F53C6 /* Parstagram */;
			targetProxy = CBCAD84E2411C5BF005F53C6 /* PBXContainerItemProxy */;
		};
/* End PBXTargetDependency section */

/* Begin PBXVariantGroup section */
		CBCAD8352411C5BD005F53C6 /* Main.storyboard */ = {
			isa = PBXVariantGroup;
			children = (
				CBCAD8362411C5BD005F53C6 /* Base */,
			);
			name = Main.storyboard;
			sourceTree = "<group>";
		};
		CBCAD83A2411C5BF005F53C6 /* LaunchScreen.storyboard */ = {
			isa = PBXVariantGroup;
			children = (
				CBCAD83B2411C5BF005F53C6 /* Base */,
			);
			name = LaunchScreen.storyboard;
			sourceTree = "<group>";
		};
/* End PBXVariantGroup section */

/* Begin XCBuildConfiguration section */
		CBCAD8542411C5BF005F53C6 /* Debug */ = {
			isa = XCBuildConfiguration;
			buildSettings = {
				ALWAYS_SEARCH_USER_PATHS = NO;
				CLANG_ANALYZER_NONNULL = YES;
				CLANG_ANALYZER_NUMBER_OBJECT_CONVERSION = YES_AGGRESSIVE;
				CLANG_CXX_LANGUAGE_STANDARD = "gnu++14";
				CLANG_CXX_LIBRARY = "libc++";
				CLANG_ENABLE_MODULES = YES;
				CLANG_ENABLE_OBJC_ARC = YES;
				CLANG_ENABLE_OBJC_WEAK = YES;
				CLANG_WARN_BLOCK_CAPTURE_AUTORELEASING = YES;
				CLANG_WARN_BOOL_CONVERSION = YES;
				CLANG_WARN_COMMA = YES;
				CLANG_WARN_CONSTANT_CONVERSION = YES;
				CLANG_WARN_DEPRECATED_OBJC_IMPLEMENTATIONS = YES;
				CLANG_WARN_DIRECT_OBJC_ISA_USAGE = YES_ERROR;
				CLANG_WARN_DOCUMENTATION_COMMENTS = YES;
				CLANG_WARN_EMPTY_BODY = YES;
				CLANG_WARN_ENUM_CONVERSION = YES;
				CLANG_WARN_INFINITE_RECURSION = YES;
				CLANG_WARN_INT_CONVERSION = YES;
				CLANG_WARN_NON_LITERAL_NULL_CONVERSION = YES;
				CLANG_WARN_OBJC_IMPLICIT_RETAIN_SELF = YES;
				CLANG_WARN_OBJC_LITERAL_CONVERSION = YES;
				CLANG_WARN_OBJC_ROOT_CLASS = YES_ERROR;
				CLANG_WARN_RANGE_LOOP_ANALYSIS = YES;
				CLANG_WARN_STRICT_PROTOTYPES = YES;
				CLANG_WARN_SUSPICIOUS_MOVE = YES;
				CLANG_WARN_UNGUARDED_AVAILABILITY = YES_AGGRESSIVE;
				CLANG_WARN_UNREACHABLE_CODE = YES;
				CLANG_WARN__DUPLICATE_METHOD_MATCH = YES;
				CODE_SIGN_IDENTITY = "iPhone Developer";
				COPY_PHASE_STRIP = NO;
				DEBUG_INFORMATION_FORMAT = dwarf;
				ENABLE_STRICT_OBJC_MSGSEND = YES;
				ENABLE_TESTABILITY = YES;
				GCC_C_LANGUAGE_STANDARD = gnu11;
				GCC_DYNAMIC_NO_PIC = NO;
				GCC_NO_COMMON_BLOCKS = YES;
				GCC_OPTIMIZATION_LEVEL = 0;
				GCC_PREPROCESSOR_DEFINITIONS = (
					"DEBUG=1",
					"$(inherited)",
				);
				GCC_WARN_64_TO_32_BIT_CONVERSION = YES;
				GCC_WARN_ABOUT_RETURN_TYPE = YES_ERROR;
				GCC_WARN_UNDECLARED_SELECTOR = YES;
				GCC_WARN_UNINITIALIZED_AUTOS = YES_AGGRESSIVE;
				GCC_WARN_UNUSED_FUNCTION = YES;
				GCC_WARN_UNUSED_VARIABLE = YES;
				IPHONEOS_DEPLOYMENT_TARGET = 12.1;
				MTL_ENABLE_DEBUG_INFO = INCLUDE_SOURCE;
				MTL_FAST_MATH = YES;
				ONLY_ACTIVE_ARCH = YES;
				SDKROOT = iphoneos;
				SWIFT_ACTIVE_COMPILATION_CONDITIONS = DEBUG;
				SWIFT_OPTIMIZATION_LEVEL = "-Onone";
			};
			name = Debug;
		};
		CBCAD8552411C5BF005F53C6 /* Release */ = {
			isa = XCBuildConfiguration;
			buildSettings = {
				ALWAYS_SEARCH_USER_PATHS = NO;
				CLANG_ANALYZER_NONNULL = YES;
				CLANG_ANALYZER_NUMBER_OBJECT_CONVERSION = YES_AGGRESSIVE;
				CLANG_CXX_LANGUAGE_STANDARD = "gnu++14";
				CLANG_CXX_LIBRARY = "libc++";
				CLANG_ENABLE_MODULES = YES;
				CLANG_ENABLE_OBJC_ARC = YES;
				CLANG_ENABLE_OBJC_WEAK = YES;
				CLANG_WARN_BLOCK_CAPTURE_AUTORELEASING = YES;
				CLANG_WARN_BOOL_CONVERSION = YES;
				CLANG_WARN_COMMA = YES;
				CLANG_WARN_CONSTANT_CONVERSION = YES;
				CLANG_WARN_DEPRECATED_OBJC_IMPLEMENTATIONS = YES;
				CLANG_WARN_DIRECT_OBJC_ISA_USAGE = YES_ERROR;
				CLANG_WARN_DOCUMENTATION_COMMENTS = YES;
				CLANG_WARN_EMPTY_BODY = YES;
				CLANG_WARN_ENUM_CONVERSION = YES;
				CLANG_WARN_INFINITE_RECURSION = YES;
				CLANG_WARN_INT_CONVERSION = YES;
				CLANG_WARN_NON_LITERAL_NULL_CONVERSION = YES;
				CLANG_WARN_OBJC_IMPLICIT_RETAIN_SELF = YES;
				CLANG_WARN_OBJC_LITERAL_CONVERSION = YES;
				CLANG_WARN_OBJC_ROOT_CLASS = YES_ERROR;
				CLANG_WARN_RANGE_LOOP_ANALYSIS = YES;
				CLANG_WARN_STRICT_PROTOTYPES = YES;
				CLANG_WARN_SUSPICIOUS_MOVE = YES;
				CLANG_WARN_UNGUARDED_AVAILABILITY = YES_AGGRESSIVE;
				CLANG_WARN_UNREACHABLE_CODE = YES;
				CLANG_WARN__DUPLICATE_METHOD_MATCH = YES;
				CODE_SIGN_IDENTITY = "iPhone Developer";
				COPY_PHASE_STRIP = NO;
				DEBUG_INFORMATION_FORMAT = "dwarf-with-dsym";
				ENABLE_NS_ASSERTIONS = NO;
				ENABLE_STRICT_OBJC_MSGSEND = YES;
				GCC_C_LANGUAGE_STANDARD = gnu11;
				GCC_NO_COMMON_BLOCKS = YES;
				GCC_WARN_64_TO_32_BIT_CONVERSION = YES;
				GCC_WARN_ABOUT_RETURN_TYPE = YES_ERROR;
				GCC_WARN_UNDECLARED_SELECTOR = YES;
				GCC_WARN_UNINITIALIZED_AUTOS = YES_AGGRESSIVE;
				GCC_WARN_UNUSED_FUNCTION = YES;
				GCC_WARN_UNUSED_VARIABLE = YES;
				IPHONEOS_DEPLOYMENT_TARGET = 12.1;
				MTL_ENABLE_DEBUG_INFO = NO;
				MTL_FAST_MATH = YES;
				SDKROOT = iphoneos;
				SWIFT_COMPILATION_MODE = wholemodule;
				SWIFT_OPTIMIZATION_LEVEL = "-O";
				VALIDATE_PRODUCT = YES;
			};
			name = Release;
		};
		CBCAD8572411C5BF005F53C6 /* Debug */ = {
			isa = XCBuildConfiguration;
			baseConfigurationReference = C373E17377CEABF7A9C8E1B3 /* Pods-Parstagram.debug.xcconfig */;
			buildSettings = {
				ASSETCATALOG_COMPILER_APPICON_NAME = AppIcon;
				CODE_SIGN_STYLE = Automatic;
				INFOPLIST_FILE = Parstagram/Info.plist;
				LD_RUNPATH_SEARCH_PATHS = (
					"$(inherited)",
					"@executable_path/Frameworks",
				);
				PRODUCT_BUNDLE_IDENTIFIER = "com.codepath-cit238b-spring2020.Parstagram";
				PRODUCT_NAME = "$(TARGET_NAME)";
				SWIFT_VERSION = 4.2;
				TARGETED_DEVICE_FAMILY = "1,2";
			};
			name = Debug;
		};
		CBCAD8582411C5BF005F53C6 /* Release */ = {
			isa = XCBuildConfiguration;
			baseConfigurationReference = 1DEFF64AE08BFAAB065C4DEC /* Pods-Parstagram.release.xcconfig */;
			buildSettings = {
				ASSETCATALOG_COMPILER_APPICON_NAME = AppIcon;
				CODE_SIGN_STYLE = Automatic;
				INFOPLIST_FILE = Parstagram/Info.plist;
				LD_RUNPATH_SEARCH_PATHS = (
					"$(inherited)",
					"@executable_path/Frameworks",
				);
				PRODUCT_BUNDLE_IDENTIFIER = "com.codepath-cit238b-spring2020.Parstagram";
				PRODUCT_NAME = "$(TARGET_NAME)";
				SWIFT_VERSION = 4.2;
				TARGETED_DEVICE_FAMILY = "1,2";
			};
			name = Release;
		};
		CBCAD85A2411C5BF005F53C6 /* Debug */ = {
			isa = XCBuildConfiguration;
			baseConfigurationReference = 8D54523E7637BB22EBCD8BF7 /* Pods-ParstagramTests.debug.xcconfig */;
			buildSettings = {
				ALWAYS_EMBED_SWIFT_STANDARD_LIBRARIES = YES;
				BUNDLE_LOADER = "$(TEST_HOST)";
				CODE_SIGN_STYLE = Automatic;
				INFOPLIST_FILE = ParstagramTests/Info.plist;
				LD_RUNPATH_SEARCH_PATHS = (
					"$(inherited)",
					"@executable_path/Frameworks",
					"@loader_path/Frameworks",
				);
				PRODUCT_BUNDLE_IDENTIFIER = "com.codepath-cit238b-spring2020.ParstagramTests";
				PRODUCT_NAME = "$(TARGET_NAME)";
				SWIFT_VERSION = 4.2;
				TARGETED_DEVICE_FAMILY = "1,2";
				TEST_HOST = "$(BUILT_PRODUCTS_DIR)/Parstagram.app/Parstagram";
			};
			name = Debug;
		};
		CBCAD85B2411C5BF005F53C6 /* Release */ = {
			isa = XCBuildConfiguration;
			baseConfigurationReference = 53FD5D8F43174012CC0D0652 /* Pods-ParstagramTests.release.xcconfig */;
			buildSettings = {
				ALWAYS_EMBED_SWIFT_STANDARD_LIBRARIES = YES;
				BUNDLE_LOADER = "$(TEST_HOST)";
				CODE_SIGN_STYLE = Automatic;
				INFOPLIST_FILE = ParstagramTests/Info.plist;
				LD_RUNPATH_SEARCH_PATHS = (
					"$(inherited)",
					"@executable_path/Frameworks",
					"@loader_path/Frameworks",
				);
				PRODUCT_BUNDLE_IDENTIFIER = "com.codepath-cit238b-spring2020.ParstagramTests";
				PRODUCT_NAME = "$(TARGET_NAME)";
				SWIFT_VERSION = 4.2;
				TARGETED_DEVICE_FAMILY = "1,2";
				TEST_HOST = "$(BUILT_PRODUCTS_DIR)/Parstagram.app/Parstagram";
			};
			name = Release;
		};
		CBCAD85D2411C5BF005F53C6 /* Debug */ = {
			isa = XCBuildConfiguration;
			baseConfigurationReference = F9B572D77B29CB10BA183D90 /* Pods-Parstagram-ParstagramUITests.debug.xcconfig */;
			buildSettings = {
				ALWAYS_EMBED_SWIFT_STANDARD_LIBRARIES = YES;
				CODE_SIGN_STYLE = Automatic;
				INFOPLIST_FILE = ParstagramUITests/Info.plist;
				LD_RUNPATH_SEARCH_PATHS = (
					"$(inherited)",
					"@executable_path/Frameworks",
					"@loader_path/Frameworks",
				);
				PRODUCT_BUNDLE_IDENTIFIER = "com.codepath-cit238b-spring2020.ParstagramUITests";
				PRODUCT_NAME = "$(TARGET_NAME)";
				SWIFT_VERSION = 4.2;
				TARGETED_DEVICE_FAMILY = "1,2";
				TEST_TARGET_NAME = Parstagram;
			};
			name = Debug;
		};
		CBCAD85E2411C5BF005F53C6 /* Release */ = {
			isa = XCBuildConfiguration;
			baseConfigurationReference = 831489FD52F01C2457CF93CE /* Pods-Parstagram-ParstagramUITests.release.xcconfig */;
			buildSettings = {
				ALWAYS_EMBED_SWIFT_STANDARD_LIBRARIES = YES;
				CODE_SIGN_STYLE = Automatic;
				INFOPLIST_FILE = ParstagramUITests/Info.plist;
				LD_RUNPATH_SEARCH_PATHS = (
					"$(inherited)",
					"@executable_path/Frameworks",
					"@loader_path/Frameworks",
				);
				PRODUCT_BUNDLE_IDENTIFIER = "com.codepath-cit238b-spring2020.ParstagramUITests";
				PRODUCT_NAME = "$(TARGET_NAME)";
				SWIFT_VERSION = 4.2;
				TARGETED_DEVICE_FAMILY = "1,2";
				TEST_TARGET_NAME = Parstagram;
			};
			name = Release;
		};
/* End XCBuildConfiguration section */

/* Begin XCConfigurationList section */
		CBCAD8292411C5BD005F53C6 /* Build configuration list for PBXProject "Parstagram" */ = {
			isa = XCConfigurationList;
			buildConfigurations = (
				CBCAD8542411C5BF005F53C6 /* Debug */,
				CBCAD8552411C5BF005F53C6 /* Release */,
			);
			defaultConfigurationIsVisible = 0;
			defaultConfigurationName = Release;
		};
		CBCAD8562411C5BF005F53C6 /* Build configuration list for PBXNativeTarget "Parstagram" */ = {
			isa = XCConfigurationList;
			buildConfigurations = (
				CBCAD8572411C5BF005F53C6 /* Debug */,
				CBCAD8582411C5BF005F53C6 /* Release */,
			);
			defaultConfigurationIsVisible = 0;
			defaultConfigurationName = Release;
		};
		CBCAD8592411C5BF005F53C6 /* Build configuration list for PBXNativeTarget "ParstagramTests" */ = {
			isa = XCConfigurationList;
			buildConfigurations = (
				CBCAD85A2411C5BF005F53C6 /* Debug */,
				CBCAD85B2411C5BF005F53C6 /* Release */,
			);
			defaultConfigurationIsVisible = 0;
			defaultConfigurationName = Release;
		};
		CBCAD85C2411C5BF005F53C6 /* Build configuration list for PBXNativeTarget "ParstagramUITests" */ = {
			isa = XCConfigurationList;
			buildConfigurations = (
				CBCAD85D2411C5BF005F53C6 /* Debug */,
				CBCAD85E2411C5BF005F53C6 /* Release */,
			);
			defaultConfigurationIsVisible = 0;
			defaultConfigurationName = Release;
		};
/* End XCConfigurationList section */
	};
	rootObject = CBCAD8262411C5BD005F53C6 /* Project object */;
}
